{
  "name": "poprun",
  "version": "1.0.0",
  "lockfileVersion": 3,
  "requires": true,
  "packages": {
    "": {
      "name": "poprun",
      "version": "1.0.0",
      "license": "MIT",
      "dependencies": {
        "@vant/weapp": "^1.2.2",
        "vant-weapp": "^0.5.28"
      },
      "devDependencies": {}
    },
    "node_modules/@vant/weapp": {
      "version": "1.2.2",
      "integrity": "sha1-ISz17rOBKnSG8sy7juOK876MRbk="
    },
    "node_modules/vant-weapp": {
      "version": "0.5.28",
      "integrity": "sha1-Qm7biuxShKGnvqsbXpy3PlFExBs="
    }
  }
}
